
Microsoft Visual Studio Solution File, Format Version 12.00
# Visual Studio Version 17
VisualStudioVersion = 17.5.33424.131
MinimumVisualStudioVersion = 10.0.40219.1
Project("{9A19103F-16F7-4668-BE54-9A1E7A4F7556}") = "WebApi", "WebApi\WebApi.csproj", "{3EA87027-DA71-4B97-840E-D973598400B2}"
EndProject
Project("{9A19103F-16F7-4668-BE54-9A1E7A4F7556}") = "WebApiTests", "WebApiTests\WebApiTests.csproj", "{BBE97FD4-FFF5-468C-BAFE-A0DFFDA881EB}"
EndProject
Global
	GlobalSection(SolutionConfigurationPlatforms) = preSolution
		Debug|Any CPU = Debug|Any CPU
		Release|Any CPU = Release|Any CPU
	EndGlobalSection
	GlobalSection(ProjectConfigurationPlatforms) = postSolution
		{3EA87027-DA71-4B97-840E-D973598400B2}.Debug|Any CPU.ActiveCfg = Debug|Any CPU
		{3EA87027-DA71-4B97-840E-D973598400B2}.Debug|Any CPU.Build.0 = Debug|Any CPU
		{3EA87027-DA71-4B97-840E-D973598400B2}.Release|Any CPU.ActiveCfg = Release|Any CPU
		{3EA87027-DA71-4B97-840E-D973598400B2}.Release|Any CPU.Build.0 = Release|Any CPU
		{BBE97FD4-FFF5-468C-BAFE-A0DFFDA881EB}.Debug|Any CPU.ActiveCfg = Debug|Any CPU
		{BBE97FD4-FFF5-468C-BAFE-A0DFFDA881EB}.Debug|Any CPU.Build.0 = Debug|Any CPU
		{BBE97FD4-FFF5-468C-BAFE-A0DFFDA881EB}.Release|Any CPU.ActiveCfg = Release|Any CPU
		{BBE97FD4-FFF5-468C-BAFE-A0DFFDA881EB}.Release|Any CPU.Build.0 = Release|Any CPU
	EndGlobalSection
	GlobalSection(SolutionProperties) = preSolution
		HideSolutionNode = FALSE
	EndGlobalSection
	GlobalSection(ExtensibilityGlobals) = postSolution
		SolutionGuid = {81275D80-7E91-4465-9219-B2BD8D6ED33A}
	EndGlobalSection
EndGlobal
